
Microsoft Visual Studio Solution File, Format Version 12.00
# Visual Studio Version 16
VisualStudioVersion = 16.0.29215.179
MinimumVisualStudioVersion = 10.0.40219.1
Project("{9A19103F-16F7-4668-BE54-9A1E7A4F7556}") = "Composite", "Composite\Composite.csproj", "{B827102B-377A-47B6-98DE-E3B2DC978371}"
EndProject
Project("{9A19103F-16F7-4668-BE54-9A1E7A4F7556}") = "Composite.Tests", "Composite.Tests\Composite.Tests.csproj", "{2EEB72C1-D5EF-454A-A2A4-BF1F019D5171}"
EndProject
Project("{9A19103F-16F7-4668-BE54-9A1E7A4F7556}") = "Strategy", "Strategy\Strategy.csproj", "{21A0F29D-6332-4B1C-BC05-58C50C0C9E9A}"
EndProject
Project("{9A19103F-16F7-4668-BE54-9A1E7A4F7556}") = "Strategy.Tests", "Strategy.Tests\Strategy.Tests.csproj", "{B72CF1F9-D3A9-4D7E-B33F-6313274F345C}"
EndProject
Project("{9A19103F-16F7-4668-BE54-9A1E7A4F7556}") = "Decorator", "Decorator\Decorator.csproj", "{943F379B-DC30-4FF1-80E7-E0A448C3AC64}"
EndProject
Project("{9A19103F-16F7-4668-BE54-9A1E7A4F7556}") = "Decorator.Tests", "Decorator.Tests\Decorator.Tests.csproj", "{3D19FDD3-A56F-41E3-B3A2-E5F54373F630}"
EndProject
Project("{9A19103F-16F7-4668-BE54-9A1E7A4F7556}") = "Abstract", "Abstract\Abstract.csproj", "{9581DA0A-C979-46EF-B8E1-8C7BCE5A6A47}"
EndProject
Project("{9A19103F-16F7-4668-BE54-9A1E7A4F7556}") = "Bridge", "Bridge\Bridge.csproj", "{1A871F69-AB61-4452-AB00-2B376A9E5BAE}"
EndProject
Project("{9A19103F-16F7-4668-BE54-9A1E7A4F7556}") = "Command", "Command\Command.csproj", "{5C1F8052-F593-41B8-8968-53AF7D9D688C}"
EndProject
Project("{9A19103F-16F7-4668-BE54-9A1E7A4F7556}") = "Iterator", "Iterator\Iterator.csproj", "{6C07D682-56EF-41F8-9606-D604A891189C}"
EndProject
Project("{9A19103F-16F7-4668-BE54-9A1E7A4F7556}") = "Singleton", "Singleton\Singleton.csproj", "{14EE3661-4459-4B4F-9B88-25FB2CD44B5C}"
EndProject
Project("{9A19103F-16F7-4668-BE54-9A1E7A4F7556}") = "Prototype", "Prototype\Prototype.csproj", "{76FE57A4-9847-4818-AF11-66D5AA4C5BF1}"
EndProject
Project("{9A19103F-16F7-4668-BE54-9A1E7A4F7556}") = "Adapter", "Adapter\Adapter.csproj", "{428CFA81-045D-4811-8E8A-4ECF8BD17706}"
EndProject
Project("{9A19103F-16F7-4668-BE54-9A1E7A4F7556}") = "Facade", "Facade\Facade.csproj", "{529E60EF-F953-4DCA-AED5-096FF416F195}"
EndProject
Project("{9A19103F-16F7-4668-BE54-9A1E7A4F7556}") = "Factory", "Factory\Factory.csproj", "{B9B41734-B986-4D66-AEDB-848D5759A8D2}"
EndProject
Project("{9A19103F-16F7-4668-BE54-9A1E7A4F7556}") = "FactoryMethod", "FactoryMethod\FactoryMethod.csproj", "{74386E72-46AF-47AD-88FC-7BB75B1164D9}"
EndProject
Project("{9A19103F-16F7-4668-BE54-9A1E7A4F7556}") = "Visitor", "Visitor\Visitor.csproj", "{BBFDDBBE-C09A-44BF-A742-F484B5BDD677}"
EndProject
Project("{9A19103F-16F7-4668-BE54-9A1E7A4F7556}") = "Flyweight", "Flyweight\Flyweight.csproj", "{BA332596-12F7-4CE8-B3C2-EF5CE32DE9EE}"
EndProject
Project("{9A19103F-16F7-4668-BE54-9A1E7A4F7556}") = "Proxy", "Proxy\Proxy.csproj", "{138CC109-3761-4074-8874-ACF3E0C3FF9B}"
EndProject
Project("{9A19103F-16F7-4668-BE54-9A1E7A4F7556}") = "ChainOfResponsibility", "ChainOfResponsibility\ChainOfResponsibility.csproj", "{19FB19CA-1ABD-48F2-A18A-EBE3ECC053E3}"
EndProject
Project("{9A19103F-16F7-4668-BE54-9A1E7A4F7556}") = "Interpreter", "Interpreter\Interpreter.csproj", "{7E2B7565-C955-4663-80C9-EEDE1BA4F7BB}"
EndProject
Project("{9A19103F-16F7-4668-BE54-9A1E7A4F7556}") = "Builder", "Builder\Builder.csproj", "{883BF4A2-3E5B-47C5-A82C-C72228B4B1C9}"
EndProject
Project("{9A19103F-16F7-4668-BE54-9A1E7A4F7556}") = "FluentInterface", "FluentInterface\FluentInterface.csproj", "{7C8504FE-5894-4CBE-A400-AF06F0C0F3A8}"
EndProject
Project("{FAE04EC0-301F-11D3-BF4B-00C04F79EFBC}") = "ShallowCopy", "ShallowCopy\ShallowCopy.csproj", "{EC59DB8B-44C3-49C4-9EAD-E24F0CC1F511}"
EndProject
Project("{FAE04EC0-301F-11D3-BF4B-00C04F79EFBC}") = "DeepCopy", "DeepCopy\DeepCopy.csproj", "{BF3BA737-603D-4197-BF10-0266DFE834CA}"
EndProject
Project("{FAE04EC0-301F-11D3-BF4B-00C04F79EFBC}") = "Observer", "Structural\Observer.csproj", "{B6AFFDC5-2B0E-4660-8745-20048843B9C8}"
EndProject
Global
	GlobalSection(SolutionConfigurationPlatforms) = preSolution
		Debug|Any CPU = Debug|Any CPU
		Release|Any CPU = Release|Any CPU
	EndGlobalSection
	GlobalSection(ProjectConfigurationPlatforms) = postSolution
		{B827102B-377A-47B6-98DE-E3B2DC978371}.Debug|Any CPU.ActiveCfg = Debug|Any CPU
		{B827102B-377A-47B6-98DE-E3B2DC978371}.Debug|Any CPU.Build.0 = Debug|Any CPU
		{B827102B-377A-47B6-98DE-E3B2DC978371}.Release|Any CPU.ActiveCfg = Release|Any CPU
		{B827102B-377A-47B6-98DE-E3B2DC978371}.Release|Any CPU.Build.0 = Release|Any CPU
		{2EEB72C1-D5EF-454A-A2A4-BF1F019D5171}.Debug|Any CPU.ActiveCfg = Debug|Any CPU
		{2EEB72C1-D5EF-454A-A2A4-BF1F019D5171}.Debug|Any CPU.Build.0 = Debug|Any CPU
		{2EEB72C1-D5EF-454A-A2A4-BF1F019D5171}.Release|Any CPU.ActiveCfg = Release|Any CPU
		{2EEB72C1-D5EF-454A-A2A4-BF1F019D5171}.Release|Any CPU.Build.0 = Release|Any CPU
		{21A0F29D-6332-4B1C-BC05-58C50C0C9E9A}.Debug|Any CPU.ActiveCfg = Debug|Any CPU
		{21A0F29D-6332-4B1C-BC05-58C50C0C9E9A}.Debug|Any CPU.Build.0 = Debug|Any CPU
		{21A0F29D-6332-4B1C-BC05-58C50C0C9E9A}.Release|Any CPU.ActiveCfg = Release|Any CPU
		{21A0F29D-6332-4B1C-BC05-58C50C0C9E9A}.Release|Any CPU.Build.0 = Release|Any CPU
		{B72CF1F9-D3A9-4D7E-B33F-6313274F345C}.Debug|Any CPU.ActiveCfg = Debug|Any CPU
		{B72CF1F9-D3A9-4D7E-B33F-6313274F345C}.Debug|Any CPU.Build.0 = Debug|Any CPU
		{B72CF1F9-D3A9-4D7E-B33F-6313274F345C}.Release|Any CPU.ActiveCfg = Release|Any CPU
		{B72CF1F9-D3A9-4D7E-B33F-6313274F345C}.Release|Any CPU.Build.0 = Release|Any CPU
		{943F379B-DC30-4FF1-80E7-E0A448C3AC64}.Debug|Any CPU.ActiveCfg = Debug|Any CPU
		{943F379B-DC30-4FF1-80E7-E0A448C3AC64}.Debug|Any CPU.Build.0 = Debug|Any CPU
		{943F379B-DC30-4FF1-80E7-E0A448C3AC64}.Release|Any CPU.ActiveCfg = Release|Any CPU
		{943F379B-DC30-4FF1-80E7-E0A448C3AC64}.Release|Any CPU.Build.0 = Release|Any CPU
		{3D19FDD3-A56F-41E3-B3A2-E5F54373F630}.Debug|Any CPU.ActiveCfg = Debug|Any CPU
		{3D19FDD3-A56F-41E3-B3A2-E5F54373F630}.Debug|Any CPU.Build.0 = Debug|Any CPU
		{3D19FDD3-A56F-41E3-B3A2-E5F54373F630}.Release|Any CPU.ActiveCfg = Release|Any CPU
		{3D19FDD3-A56F-41E3-B3A2-E5F54373F630}.Release|Any CPU.Build.0 = Release|Any CPU
		{9581DA0A-C979-46EF-B8E1-8C7BCE5A6A47}.Debug|Any CPU.ActiveCfg = Debug|Any CPU
		{9581DA0A-C979-46EF-B8E1-8C7BCE5A6A47}.Debug|Any CPU.Build.0 = Debug|Any CPU
		{9581DA0A-C979-46EF-B8E1-8C7BCE5A6A47}.Release|Any CPU.ActiveCfg = Release|Any CPU
		{9581DA0A-C979-46EF-B8E1-8C7BCE5A6A47}.Release|Any CPU.Build.0 = Release|Any CPU
		{1A871F69-AB61-4452-AB00-2B376A9E5BAE}.Debug|Any CPU.ActiveCfg = Debug|Any CPU
		{1A871F69-AB61-4452-AB00-2B376A9E5BAE}.Debug|Any CPU.Build.0 = Debug|Any CPU
		{1A871F69-AB61-4452-AB00-2B376A9E5BAE}.Release|Any CPU.ActiveCfg = Release|Any CPU
		{1A871F69-AB61-4452-AB00-2B376A9E5BAE}.Release|Any CPU.Build.0 = Release|Any CPU
		{5C1F8052-F593-41B8-8968-53AF7D9D688C}.Debug|Any CPU.ActiveCfg = Debug|Any CPU
		{5C1F8052-F593-41B8-8968-53AF7D9D688C}.Debug|Any CPU.Build.0 = Debug|Any CPU
		{5C1F8052-F593-41B8-8968-53AF7D9D688C}.Release|Any CPU.ActiveCfg = Release|Any CPU
		{5C1F8052-F593-41B8-8968-53AF7D9D688C}.Release|Any CPU.Build.0 = Release|Any CPU
		{6C07D682-56EF-41F8-9606-D604A891189C}.Debug|Any CPU.ActiveCfg = Debug|Any CPU
		{6C07D682-56EF-41F8-9606-D604A891189C}.Debug|Any CPU.Build.0 = Debug|Any CPU
		{6C07D682-56EF-41F8-9606-D604A891189C}.Release|Any CPU.ActiveCfg = Release|Any CPU
		{6C07D682-56EF-41F8-9606-D604A891189C}.Release|Any CPU.Build.0 = Release|Any CPU
		{14EE3661-4459-4B4F-9B88-25FB2CD44B5C}.Debug|Any CPU.ActiveCfg = Debug|Any CPU
		{14EE3661-4459-4B4F-9B88-25FB2CD44B5C}.Debug|Any CPU.Build.0 = Debug|Any CPU
		{14EE3661-4459-4B4F-9B88-25FB2CD44B5C}.Release|Any CPU.ActiveCfg = Release|Any CPU
		{14EE3661-4459-4B4F-9B88-25FB2CD44B5C}.Release|Any CPU.Build.0 = Release|Any CPU
		{76FE57A4-9847-4818-AF11-66D5AA4C5BF1}.Debug|Any CPU.ActiveCfg = Debug|Any CPU
		{76FE57A4-9847-4818-AF11-66D5AA4C5BF1}.Debug|Any CPU.Build.0 = Debug|Any CPU
		{76FE57A4-9847-4818-AF11-66D5AA4C5BF1}.Release|Any CPU.ActiveCfg = Release|Any CPU
		{76FE57A4-9847-4818-AF11-66D5AA4C5BF1}.Release|Any CPU.Build.0 = Release|Any CPU
		{428CFA81-045D-4811-8E8A-4ECF8BD17706}.Debug|Any CPU.ActiveCfg = Debug|Any CPU
		{428CFA81-045D-4811-8E8A-4ECF8BD17706}.Debug|Any CPU.Build.0 = Debug|Any CPU
		{428CFA81-045D-4811-8E8A-4ECF8BD17706}.Release|Any CPU.ActiveCfg = Release|Any CPU
		{428CFA81-045D-4811-8E8A-4ECF8BD17706}.Release|Any CPU.Build.0 = Release|Any CPU
		{529E60EF-F953-4DCA-AED5-096FF416F195}.Debug|Any CPU.ActiveCfg = Debug|Any CPU
		{529E60EF-F953-4DCA-AED5-096FF416F195}.Debug|Any CPU.Build.0 = Debug|Any CPU
		{529E60EF-F953-4DCA-AED5-096FF416F195}.Release|Any CPU.ActiveCfg = Release|Any CPU
		{529E60EF-F953-4DCA-AED5-096FF416F195}.Release|Any CPU.Build.0 = Release|Any CPU
		{B9B41734-B986-4D66-AEDB-848D5759A8D2}.Debug|Any CPU.ActiveCfg = Debug|Any CPU
		{B9B41734-B986-4D66-AEDB-848D5759A8D2}.Debug|Any CPU.Build.0 = Debug|Any CPU
		{B9B41734-B986-4D66-AEDB-848D5759A8D2}.Release|Any CPU.ActiveCfg = Release|Any CPU
		{B9B41734-B986-4D66-AEDB-848D5759A8D2}.Release|Any CPU.Build.0 = Release|Any CPU
		{74386E72-46AF-47AD-88FC-7BB75B1164D9}.Debug|Any CPU.ActiveCfg = Debug|Any CPU
		{74386E72-46AF-47AD-88FC-7BB75B1164D9}.Debug|Any CPU.Build.0 = Debug|Any CPU
		{74386E72-46AF-47AD-88FC-7BB75B1164D9}.Release|Any CPU.ActiveCfg = Release|Any CPU
		{74386E72-46AF-47AD-88FC-7BB75B1164D9}.Release|Any CPU.Build.0 = Release|Any CPU
		{BBFDDBBE-C09A-44BF-A742-F484B5BDD677}.Debug|Any CPU.ActiveCfg = Debug|Any CPU
		{BBFDDBBE-C09A-44BF-A742-F484B5BDD677}.Debug|Any CPU.Build.0 = Debug|Any CPU
		{BBFDDBBE-C09A-44BF-A742-F484B5BDD677}.Release|Any CPU.ActiveCfg = Release|Any CPU
		{BBFDDBBE-C09A-44BF-A742-F484B5BDD677}.Release|Any CPU.Build.0 = Release|Any CPU
		{BA332596-12F7-4CE8-B3C2-EF5CE32DE9EE}.Debug|Any CPU.ActiveCfg = Debug|Any CPU
		{BA332596-12F7-4CE8-B3C2-EF5CE32DE9EE}.Debug|Any CPU.Build.0 = Debug|Any CPU
		{BA332596-12F7-4CE8-B3C2-EF5CE32DE9EE}.Release|Any CPU.ActiveCfg = Release|Any CPU
		{BA332596-12F7-4CE8-B3C2-EF5CE32DE9EE}.Release|Any CPU.Build.0 = Release|Any CPU
		{138CC109-3761-4074-8874-ACF3E0C3FF9B}.Debug|Any CPU.ActiveCfg = Debug|Any CPU
		{138CC109-3761-4074-8874-ACF3E0C3FF9B}.Debug|Any CPU.Build.0 = Debug|Any CPU
		{138CC109-3761-4074-8874-ACF3E0C3FF9B}.Release|Any CPU.ActiveCfg = Release|Any CPU
		{138CC109-3761-4074-8874-ACF3E0C3FF9B}.Release|Any CPU.Build.0 = Release|Any CPU
		{19FB19CA-1ABD-48F2-A18A-EBE3ECC053E3}.Debug|Any CPU.ActiveCfg = Debug|Any CPU
		{19FB19CA-1ABD-48F2-A18A-EBE3ECC053E3}.Debug|Any CPU.Build.0 = Debug|Any CPU
		{19FB19CA-1ABD-48F2-A18A-EBE3ECC053E3}.Release|Any CPU.ActiveCfg = Release|Any CPU
		{19FB19CA-1ABD-48F2-A18A-EBE3ECC053E3}.Release|Any CPU.Build.0 = Release|Any CPU
		{7E2B7565-C955-4663-80C9-EEDE1BA4F7BB}.Debug|Any CPU.ActiveCfg = Debug|Any CPU
		{7E2B7565-C955-4663-80C9-EEDE1BA4F7BB}.Debug|Any CPU.Build.0 = Debug|Any CPU
		{7E2B7565-C955-4663-80C9-EEDE1BA4F7BB}.Release|Any CPU.ActiveCfg = Release|Any CPU
		{7E2B7565-C955-4663-80C9-EEDE1BA4F7BB}.Release|Any CPU.Build.0 = Release|Any CPU
		{883BF4A2-3E5B-47C5-A82C-C72228B4B1C9}.Debug|Any CPU.ActiveCfg = Debug|Any CPU
		{883BF4A2-3E5B-47C5-A82C-C72228B4B1C9}.Debug|Any CPU.Build.0 = Debug|Any CPU
		{883BF4A2-3E5B-47C5-A82C-C72228B4B1C9}.Release|Any CPU.ActiveCfg = Release|Any CPU
		{883BF4A2-3E5B-47C5-A82C-C72228B4B1C9}.Release|Any CPU.Build.0 = Release|Any CPU
		{7C8504FE-5894-4CBE-A400-AF06F0C0F3A8}.Debug|Any CPU.ActiveCfg = Debug|Any CPU
		{7C8504FE-5894-4CBE-A400-AF06F0C0F3A8}.Debug|Any CPU.Build.0 = Debug|Any CPU
		{7C8504FE-5894-4CBE-A400-AF06F0C0F3A8}.Release|Any CPU.ActiveCfg = Release|Any CPU
		{7C8504FE-5894-4CBE-A400-AF06F0C0F3A8}.Release|Any CPU.Build.0 = Release|Any CPU
		{EC59DB8B-44C3-49C4-9EAD-E24F0CC1F511}.Debug|Any CPU.ActiveCfg = Debug|Any CPU
		{EC59DB8B-44C3-49C4-9EAD-E24F0CC1F511}.Debug|Any CPU.Build.0 = Debug|Any CPU
		{EC59DB8B-44C3-49C4-9EAD-E24F0CC1F511}.Release|Any CPU.ActiveCfg = Release|Any CPU
		{EC59DB8B-44C3-49C4-9EAD-E24F0CC1F511}.Release|Any CPU.Build.0 = Release|Any CPU
		{BF3BA737-603D-4197-BF10-0266DFE834CA}.Debug|Any CPU.ActiveCfg = Debug|Any CPU
		{BF3BA737-603D-4197-BF10-0266DFE834CA}.Debug|Any CPU.Build.0 = Debug|Any CPU
		{BF3BA737-603D-4197-BF10-0266DFE834CA}.Release|Any CPU.ActiveCfg = Release|Any CPU
		{BF3BA737-603D-4197-BF10-0266DFE834CA}.Release|Any CPU.Build.0 = Release|Any CPU
		{B6AFFDC5-2B0E-4660-8745-20048843B9C8}.Debug|Any CPU.ActiveCfg = Debug|Any CPU
		{B6AFFDC5-2B0E-4660-8745-20048843B9C8}.Debug|Any CPU.Build.0 = Debug|Any CPU
		{B6AFFDC5-2B0E-4660-8745-20048843B9C8}.Release|Any CPU.ActiveCfg = Release|Any CPU
		{B6AFFDC5-2B0E-4660-8745-20048843B9C8}.Release|Any CPU.Build.0 = Release|Any CPU
	EndGlobalSection
	GlobalSection(SolutionProperties) = preSolution
		HideSolutionNode = FALSE
	EndGlobalSection
	GlobalSection(ExtensibilityGlobals) = postSolution
		SolutionGuid = {E13090CF-F114-4D12-8959-AF7D66D140CD}
	EndGlobalSection
EndGlobal
